// !$*UTF8*$!
{
	archiveVersion = 1;
	classes = {
	};
	objectVersion = 46;
	objects = {

/* Begin PBXBuildFile section */
		A5180AA81C96DE82005F365B /* main.m in Sources */ = {isa = PBXBuildFile; fileRef = A5180AA71C96DE82005F365B /* main.m */; };
		A5180AAB1C96DE83005F365B /* AppDelegate.m in Sources */ = {isa = PBXBuildFile; fileRef = A5180AAA1C96DE83005F365B /* AppDelegate.m */; };
		A5180AAE1C96DE83005F365B /* ViewController.m in Sources */ = {isa = PBXBuildFile; fileRef = A5180AAD1C96DE83005F365B /* ViewController.m */; };
		A5180AB11C96DE83005F365B /* Main.storyboard in Resources */ = {isa = PBXBuildFile; fileRef = A5180AAF1C96DE83005F365B /* Main.storyboard */; };
		A5180AB31C96DE83005F365B /* Assets.xcassets in Resources */ = {isa = PBXBuildFile; fileRef = A5180AB21C96DE83005F365B /* Assets.xcassets */; };
		A5180AB61C96DE83005F365B /* LaunchScreen.storyboard in Resources */ = {isa = PBXBuildFile; fileRef = A5180AB41C96DE83005F365B /* LaunchScreen.storyboard */; };
		A5180AC11C96DE83005F365B /* DDImageTinterTests.m in Sources */ = {isa = PBXBuildFile; fileRef = A5180AC01C96DE83005F365B /* DDImageTinterTests.m */; };
		A5180ACD1C96E06E005F365B /* UIImage+DDImageTinter.m in Sources */ = {isa = PBXBuildFile; fileRef = A5180ACC1C96E06E005F365B /* UIImage+DDImageTinter.m */; };
/* End PBXBuildFile section */

/* Begin PBXContainerItemProxy section */
		A5180ABD1C96DE83005F365B /* PBXContainerItemProxy */ = {
			isa = PBXContainerItemProxy;
			containerPortal = A5180A9B1C96DE82005F365B /* Project object */;
			proxyType = 1;
			remoteGlobalIDString = A5180AA21C96DE82005F365B;
			remoteInfo = DDImageTinter;
		};
/* End PBXContainerItemProxy section */

/* Begin PBXFileReference section */
		A5180AA31C96DE82005F365B /* DDImageTinter.app */ = {isa = PBXFileReference; explicitFileType = wrapper.application; includeInIndex = 0; path = DDImageTinter.app; sourceTree = BUILT_PRODUCTS_DIR; };
		A5180AA71C96DE82005F365B /* main.m */ = {isa = PBXFileReference; lastKnownFileType = sourcecode.c.objc; path = main.m; sourceTree = "<group>"; };
		A5180AA91C96DE83005F365B /* AppDelegate.h */ = {isa = PBXFileReference; lastKnownFileType = sourcecode.c.h; path = AppDelegate.h; sourceTree = "<group>"; };
		A5180AAA1C96DE83005F365B /* AppDelegate.m */ = {isa = PBXFileReference; lastKnownFileType = sourcecode.c.objc; path = AppDelegate.m; sourceTree = "<group>"; };
		A5180AAC1C96DE83005F365B /* ViewController.h */ = {isa = PBXFileReference; lastKnownFileType = sourcecode.c.h; path = ViewController.h; sourceTree = "<group>"; };
		A5180AAD1C96DE83005F365B /* ViewController.m */ = {isa = PBXFileReference; lastKnownFileType = sourcecode.c.objc; path = ViewController.m; sourceTree = "<group>"; };
		A5180AB01C96DE83005F365B /* Base */ = {isa = PBXFileReference; lastKnownFileType = file.storyboard; name = Base; path = Base.lproj/Main.storyboard; sourceTree = "<group>"; };
		A5180AB21C96DE83005F365B /* Assets.xcassets */ = {isa = PBXFileReference; lastKnownFileType = folder.assetcatalog; path = Assets.xcassets; sourceTree = "<group>"; };
		A5180AB51C96DE83005F365B /* Base */ = {isa = PBXFileReference; lastKnownFileType = file.storyboard; name = Base; path = Base.lproj/LaunchScreen.storyboard; sourceTree = "<group>"; };
		A5180AB71C96DE83005F365B /* Info.plist */ = {isa = PBXFileReference; lastKnownFileType = text.plist.xml; path = Info.plist; sourceTree = "<group>"; };
		A5180ABC1C96DE83005F365B /* DDImageTinterTests.xctest */ = {isa = PBXFileReference; explicitFileType = wrapper.cfbundle; includeInIndex = 0; path = DDImageTinterTests.xctest; sourceTree = BUILT_PRODUCTS_DIR; };
		A5180AC01C96DE83005F365B /* DDImageTinterTests.m */ = {isa = PBXFileReference; lastKnownFileType = sourcecode.c.objc; path = DDImageTinterTests.m; sourceTree = "<group>"; };
		A5180AC21C96DE83005F365B /* Info.plist */ = {isa = PBXFileReference; lastKnownFileType = text.plist.xml; path = Info.plist; sourceTree = "<group>"; };
		A5180ACB1C96E06E005F365B /* UIImage+DDImageTinter.h */ = {isa = PBXFileReference; fileEncoding = 4; lastKnownFileType = sourcecode.c.h; path = "UIImage+DDImageTinter.h"; sourceTree = "<group>"; };
		A5180ACC1C96E06E005F365B /* UIImage+DDImageTinter.m */ = {isa = PBXFileReference; fileEncoding = 4; lastKnownFileType = sourcecode.c.objc; path = "UIImage+DDImageTinter.m"; sourceTree = "<group>"; };
/* End PBXFileReference section */

/* Begin PBXFrameworksBuildPhase section */
		A5180AA01C96DE82005F365B /* Frameworks */ = {
			isa = PBXFrameworksBuildPhase;
			buildActionMask = 2147483647;
			files = (
			);
			runOnlyForDeploymentPostprocessing = 0;
		};
		A5180AB91C96DE83005F365B /* Frameworks */ = {
			isa = PBXFrameworksBuildPhase;
			buildActionMask = 2147483647;
			files = (
			);
			runOnlyForDeploymentPostprocessing = 0;
		};
/* End PBXFrameworksBuildPhase section */

/* Begin PBXGroup section */
		A5180A9A1C96DE82005F365B = {
			isa = PBXGroup;
			children = (
				A5180AA51C96DE82005F365B /* DDImageTinter */,
				A5180ABF1C96DE83005F365B /* DDImageTinterTests */,
				A5180AA41C96DE82005F365B /* Products */,
			);
			sourceTree = "<group>";
		};
		A5180AA41C96DE82005F365B /* Products */ = {
			isa = PBXGroup;
			children = (
				A5180AA31C96DE82005F365B /* DDImageTinter.app */,
				A5180ABC1C96DE83005F365B /* DDImageTinterTests.xctest */,
			);
			name = Products;
			sourceTree = "<group>";
		};
		A5180AA51C96DE82005F365B /* DDImageTinter */ = {
			isa = PBXGroup;
			children = (
				A5180AA91C96DE83005F365B /* AppDelegate.h */,
				A5180AAA1C96DE83005F365B /* AppDelegate.m */,
				A5180AAC1C96DE83005F365B /* ViewController.h */,
				A5180AAD1C96DE83005F365B /* ViewController.m */,
				A5180AAF1C96DE83005F365B /* Main.storyboard */,
				A5180AB21C96DE83005F365B /* Assets.xcassets */,
				A5180AB41C96DE83005F365B /* LaunchScreen.storyboard */,
				A5180AB71C96DE83005F365B /* Info.plist */,
				A5180AA61C96DE82005F365B /* Supporting Files */,
				A5180ACB1C96E06E005F365B /* UIImage+DDImageTinter.h */,
				A5180ACC1C96E06E005F365B /* UIImage+DDImageTinter.m */,
			);
			path = DDImageTinter;
			sourceTree = "<group>";
		};
		A5180AA61C96DE82005F365B /* Supporting Files */ = {
			isa = PBXGroup;
			children = (
				A5180AA71C96DE82005F365B /* main.m */,
			);
			name = "Supporting Files";
			sourceTree = "<group>";
		};
		A5180ABF1C96DE83005F365B /* DDImageTinterTests */ = {
			isa = PBXGroup;
			children = (
				A5180AC01C96DE83005F365B /* DDImageTinterTests.m */,
				A5180AC21C96DE83005F365B /* Info.plist */,
			);
			path = DDImageTinterTests;
			sourceTree = "<group>";
		};
/* End PBXGroup section */

/* Begin PBXNativeTarget section */
		A5180AA21C96DE82005F365B /* DDImageTinter */ = {
			isa = PBXNativeTarget;
			buildConfigurationList = A5180AC51C96DE83005F365B /* Build configuration list for PBXNativeTarget "DDImageTinter" */;
			buildPhases = (
				A5180A9F1C96DE82005F365B /* Sources */,
				A5180AA01C96DE82005F365B /* Frameworks */,
				A5180AA11C96DE82005F365B /* Resources */,
			);
			buildRules = (
			);
			dependencies = (
			);
			name = DDImageTinter;
			productName = DDImageTinter;
			productReference = A5180AA31C96DE82005F365B /* DDImageTinter.app */;
			productType = "com.apple.product-type.application";
		};
		A5180ABB1C96DE83005F365B /* DDImageTinterTests */ = {
			isa = PBXNativeTarget;
			buildConfigurationList = A5180AC81C96DE83005F365B /* Build configuration list for PBXNativeTarget "DDImageTinterTests" */;
			buildPhases = (
				A5180AB81C96DE83005F365B /* Sources */,
				A5180AB91C96DE83005F365B /* Frameworks */,
				A5180ABA1C96DE83005F365B /* Resources */,
			);
			buildRules = (
			);
			dependencies = (
				A5180ABE1C96DE83005F365B /* PBXTargetDependency */,
			);
			name = DDImageTinterTests;
			productName = DDImageTinterTests;
			productReference = A5180ABC1C96DE83005F365B /* DDImageTinterTests.xctest */;
			productType = "com.apple.product-type.bundle.unit-test";
		};
/* End PBXNativeTarget section */

/* Begin PBXProject section */
		A5180A9B1C96DE82005F365B /* Project object */ = {
			isa = PBXProject;
			attributes = {
				LastUpgradeCheck = 0720;
				ORGANIZATIONNAME = "Daniel Djurfelter";
				TargetAttributes = {
					A5180AA21C96DE82005F365B = {
						CreatedOnToolsVersion = 7.2.1;
					};
					A5180ABB1C96DE83005F365B = {
						CreatedOnToolsVersion = 7.2.1;
						TestTargetID = A5180AA21C96DE82005F365B;
					};
				};
			};
			buildConfigurationList = A5180A9E1C96DE82005F365B /* Build configuration list for PBXProject "DDImageTinter" */;
			compatibilityVersion = "Xcode 3.2";
			developmentRegion = English;
			hasScannedForEncodings = 0;
			knownRegions = (
				en,
				Base,
			);
			mainGroup = A5180A9A1C96DE82005F365B;
			productRefGroup = A5180AA41C96DE82005F365B /* Products */;
			projectDirPath = "";
			projectRoot = "";
			targets = (
				A5180AA21C96DE82005F365B /* DDImageTinter */,
				A5180ABB1C96DE83005F365B /* DDImageTinterTests */,
			);
		};
/* End PBXProject section */

/* Begin PBXResourcesBuildPhase section */
		A5180AA11C96DE82005F365B /* Resources */ = {
			isa = PBXResourcesBuildPhase;
			buildActionMask = 2147483647;
			files = (
				A5180AB61C96DE83005F365B /* LaunchScreen.storyboard in Resources */,
				A5180AB31C96DE83005F365B /* Assets.xcassets in Resources */,
				A5180AB11C96DE83005F365B /* Main.storyboard in Resources */,
			);
			runOnlyForDeploymentPostprocessing = 0;
		};
		A5180ABA1C96DE83005F365B /* Resources */ = {
			isa = PBXResourcesBuildPhase;
			buildActionMask = 2147483647;
			files = (
			);
			runOnlyForDeploymentPostprocessing = 0;
		};
/* End PBXResourcesBuildPhase section */

/* Begin PBXSourcesBuildPhase section */
		A5180A9F1C96DE82005F365B /* Sources */ = {
			isa = PBXSourcesBuildPhase;
			buildActionMask = 2147483647;
			files = (
				A5180AAE1C96DE83005F365B /* ViewController.m in Sources */,
				A5180AAB1C96DE83005F365B /* AppDelegate.m in Sources */,
				A5180AA81C96DE82005F365B /* main.m in Sources */,
				A5180ACD1C96E06E005F365B /* UIImage+DDImageTinter.m in Sources */,
			);
			runOnlyForDeploymentPostprocessing = 0;
		};
		A5180AB81C96DE83005F365B /* Sources */ = {
			isa = PBXSourcesBuildPhase;
			buildActionMask = 2147483647;
			files = (
				A5180AC11C96DE83005F365B /* DDImageTinterTests.m in Sources */,
			);
			runOnlyForDeploymentPostprocessing = 0;
		};
/* End PBXSourcesBuildPhase section */

/* Begin PBXTargetDependency section */
		A5180ABE1C96DE83005F365B /* PBXTargetDependency */ = {
			isa = PBXTargetDependency;
			target = A5180AA21C96DE82005F365B /* DDImageTinter */;
			targetProxy = A5180ABD1C96DE83005F365B /* PBXContainerItemProxy */;
		};
/* End PBXTargetDependency section */

/* Begin PBXVariantGroup section */
		A5180AAF1C96DE83005F365B /* Main.storyboard */ = {
			isa = PBXVariantGroup;
			children = (
				A5180AB01C96DE83005F365B /* Base */,
			);
			name = Main.storyboard;
			sourceTree = "<group>";
		};
		A5180AB41C96DE83005F365B /* LaunchScreen.storyboard */ = {
			isa = PBXVariantGroup;
			children = (
				A5180AB51C96DE83005F365B /* Base */,
			);
			name = LaunchScreen.storyboard;
			sourceTree = "<group>";
		};
/* End PBXVariantGroup section */

/* Begin XCBuildConfiguration section */
		A5180AC31C96DE83005F365B /* Debug */ = {
			isa = XCBuildConfiguration;
			buildSettings = {
				ALWAYS_SEARCH_USER_PATHS = NO;
				CLANG_CXX_LANGUAGE_STANDARD = "gnu++0x";
				CLANG_CXX_LIBRARY = "libc++";
				CLANG_ENABLE_MODULES = YES;
				CLANG_ENABLE_OBJC_ARC = YES;
				CLANG_WARN_BOOL_CONVERSION = YES;
				CLANG_WARN_CONSTANT_CONVERSION = YES;
				CLANG_WARN_DIRECT_OBJC_ISA_USAGE = YES_ERROR;
				CLANG_WARN_EMPTY_BODY = YES;
				CLANG_WARN_ENUM_CONVERSION = YES;
				CLANG_WARN_INT_CONVERSION = YES;
				CLANG_WARN_OBJC_ROOT_CLASS = YES_ERROR;
				CLANG_WARN_UNREACHABLE_CODE = YES;
				CLANG_WARN__DUPLICATE_METHOD_MATCH = YES;
				"CODE_SIGN_IDENTITY[sdk=iphoneos*]" = "iPhone Developer";
				COPY_PHASE_STRIP = NO;
				DEBUG_INFORMATION_FORMAT = dwarf;
				ENABLE_STRICT_OBJC_MSGSEND = YES;
				ENABLE_TESTABILITY = YES;
				GCC_C_LANGUAGE_STANDARD = gnu99;
				GCC_DYNAMIC_NO_PIC = NO;
				GCC_NO_COMMON_BLOCKS = YES;
				GCC_OPTIMIZATION_LEVEL = 0;
				GCC_PREPROCESSOR_DEFINITIONS = (
					"DEBUG=1",
					"$(inherited)",
				);
				GCC_WARN_64_TO_32_BIT_CONVERSION = YES;
				GCC_WARN_ABOUT_RETURN_TYPE = YES_ERROR;
				GCC_WARN_UNDECLARED_SELECTOR = YES;
				GCC_WARN_UNINITIALIZED_AUTOS = YES_AGGRESSIVE;
				GCC_WARN_UNUSED_FUNCTION = YES;
				GCC_WARN_UNUSED_VARIABLE = YES;
				IPHONEOS_DEPLOYMENT_TARGET = 9.2;
				MTL_ENABLE_DEBUG_INFO = YES;
				ONLY_ACTIVE_ARCH = YES;
				SDKROOT = iphoneos;
			};
			name = Debug;
		};
		A5180AC41C96DE83005F365B /* Release */ = {
			isa = XCBuildConfiguration;
			buildSettings = {
				ALWAYS_SEARCH_USER_PATHS = NO;
				CLANG_CXX_LANGUAGE_STANDARD = "gnu++0x";
				CLANG_CXX_LIBRARY = "libc++";
				CLANG_ENABLE_MODULES = YES;
				CLANG_ENABLE_OBJC_ARC = YES;
				CLANG_WARN_BOOL_CONVERSION = YES;
				CLANG_WARN_CONSTANT_CONVERSION = YES;
				CLANG_WARN_DIRECT_OBJC_ISA_USAGE = YES_ERROR;
				CLANG_WARN_EMPTY_BODY = YES;
				CLANG_WARN_ENUM_CONVERSION = YES;
				CLANG_WARN_INT_CONVERSION = YES;
				CLANG_WARN_OBJC_ROOT_CLASS = YES_ERROR;
				CLANG_WARN_UNREACHABLE_CODE = YES;
				CLANG_WARN__DUPLICATE_METHOD_MATCH = YES;
				"CODE_SIGN_IDENTITY[sdk=iphoneos*]" = "iPhone Developer";
				COPY_PHASE_STRIP = NO;
				DEBUG_INFORMATION_FORMAT = "dwarf-with-dsym";
				ENABLE_NS_ASSERTIONS = NO;
				ENABLE_STRICT_OBJC_MSGSEND = YES;
				GCC_C_LANGUAGE_STANDARD = gnu99;
				GCC_NO_COMMON_BLOCKS = YES;
				GCC_WARN_64_TO_32_BIT_CONVERSION = YES;
				GCC_WARN_ABOUT_RETURN_TYPE = YES_ERROR;
				GCC_WARN_UNDECLARED_SELECTOR = YES;
				GCC_WARN_UNINITIALIZED_AUTOS = YES_AGGRESSIVE;
				GCC_WARN_UNUSED_FUNCTION = YES;
				GCC_WARN_UNUSED_VARIABLE = YES;
				IPHONEOS_DEPLOYMENT_TARGET = 9.2;
				MTL_ENABLE_DEBUG_INFO = NO;
				SDKROOT = iphoneos;
				VALIDATE_PRODUCT = YES;
			};
			name = Release;
		};
		A5180AC61C96DE83005F365B /* Debug */ = {
			isa = XCBuildConfiguration;
			buildSettings = {
				ASSETCATALOG_COMPILER_APPICON_NAME = AppIcon;
				INFOPLIST_FILE = DDImageTinter/Info.plist;
				LD_RUNPATH_SEARCH_PATHS = "$(inherited) @executable_path/Frameworks";
				PRODUCT_BUNDLE_IDENTIFIER = com.djurfelter.DDImageTinter;
				PRODUCT_NAME = "$(TARGET_NAME)";
			};
			name = Debug;
		};
		A5180AC71C96DE83005F365B /* Release */ = {
			isa = XCBuildConfiguration;
			buildSettings = {
				ASSETCATALOG_COMPILER_APPICON_NAME = AppIcon;
				INFOPLIST_FILE = DDImageTinter/Info.plist;
				LD_RUNPATH_SEARCH_PATHS = "$(inherited) @executable_path/Frameworks";
				PRODUCT_BUNDLE_IDENTIFIER = com.djurfelter.DDImageTinter;
				PRODUCT_NAME = "$(TARGET_NAME)";
			};
			name = Release;
		};
		A5180AC91C96DE83005F365B /* Debug */ = {
			isa = XCBuildConfiguration;
			buildSettings = {
				BUNDLE_LOADER = "$(TEST_HOST)";
				INFOPLIST_FILE = DDImageTinterTests/Info.plist;
				LD_RUNPATH_SEARCH_PATHS = "$(inherited) @executable_path/Frameworks @loader_path/Frameworks";
				PRODUCT_BUNDLE_IDENTIFIER = com.djurfelter.DDImageTinterTests;
				PRODUCT_NAME = "$(TARGET_NAME)";
				TEST_HOST = "$(BUILT_PRODUCTS_DIR)/DDImageTinter.app/DDImageTinter";
			};
			name = Debug;
		};
		A5180ACA1C96DE83005F365B /* Release */ = {
			isa = XCBuildConfiguration;
			buildSettings = {
				BUNDLE_LOADER = "$(TEST_HOST)";
				INFOPLIST_FILE = DDImageTinterTests/Info.plist;
				LD_RUNPATH_SEARCH_PATHS = "$(inherited) @executable_path/Frameworks @loader_path/Frameworks";
				PRODUCT_BUNDLE_IDENTIFIER = com.djurfelter.DDImageTinterTests;
				PRODUCT_NAME = "$(TARGET_NAME)";
				TEST_HOST = "$(BUILT_PRODUCTS_DIR)/DDImageTinter.app/DDImageTinter";
			};
			name = Release;
		};
/* End XCBuildConfiguration section */

/* Begin XCConfigurationList section */
		A5180A9E1C96DE82005F365B /* Build configuration list for PBXProject "DDImageTinter" */ = {
			isa = XCConfigurationList;
			buildConfigurations = (
				A5180AC31C96DE83005F365B /* Debug */,
				A5180AC41C96DE83005F365B /* Release */,
			);
			defaultConfigurationIsVisible = 0;
			defaultConfigurationName = Release;
		};
		A5180AC51C96DE83005F365B /* Build configuration list for PBXNativeTarget "DDImageTinter" */ = {
			isa = XCConfigurationList;
			buildConfigurations = (
				A5180AC61C96DE83005F365B /* Debug */,
				A5180AC71C96DE83005F365B /* Release */,
			);
			defaultConfigurationIsVisible = 0;
		};
		A5180AC81C96DE83005F365B /* Build configuration list for PBXNativeTarget "DDImageTinterTests" */ = {
			isa = XCConfigurationList;
			buildConfigurations = (
				A5180AC91C96DE83005F365B /* Debug */,
				A5180ACA1C96DE83005F365B /* Release */,
			);
			defaultConfigurationIsVisible = 0;
		};
/* End XCConfigurationList section */
	};
	rootObject = A5180A9B1C96DE82005F365B /* Project object */;
}
